
Microsoft Visual Studio Solution File, Format Version 12.00
# Visual Studio Version 17
VisualStudioVersion = 17.8.34511.84
MinimumVisualStudioVersion = 10.0.40219.1
Project("{FAE04EC0-301F-11D3-BF4B-00C04F79EFBC}") = "Random Excel File", "Random Excel File\Random Excel File.csproj", "{E97D65B3-4C59-4189-A727-9BB3A16B234A}"
EndProject
Global
	GlobalSection(SolutionConfigurationPlatforms) = preSolution
		Debug|Any CPU = Debug|Any CPU
		Release|Any CPU = Release|Any CPU
	EndGlobalSection
	GlobalSection(ProjectConfigurationPlatforms) = postSolution
		{E97D65B3-4C59-4189-A727-9BB3A16B234A}.Debug|Any CPU.ActiveCfg = Debug|Any CPU
		{E97D65B3-4C59-4189-A727-9BB3A16B234A}.Debug|Any CPU.Build.0 = Debug|Any CPU
		{E97D65B3-4C59-4189-A727-9BB3A16B234A}.Release|Any CPU.ActiveCfg = Release|Any CPU
		{E97D65B3-4C59-4189-A727-9BB3A16B234A}.Release|Any CPU.Build.0 = Release|Any CPU
	EndGlobalSection
	GlobalSection(SolutionProperties) = preSolution
		HideSolutionNode = FALSE
	EndGlobalSection
	GlobalSection(ExtensibilityGlobals) = postSolution
		SolutionGuid = {F94277CA-568E-45F4-A4BB-CD8DCF8184DC}
	EndGlobalSection
EndGlobal
